dependencies:
  espressif/mpu6050:
    dependencies: []
    source:
      path: /home/anagha/esp/micro_ros_mpu6050/components/espressif__mpu6050
      type: local
    version: 1.2.0
  idf:
    source:
      type: idf
    version: 5.3.0
direct_dependencies:
- espressif/mpu6050
- idf
manifest_hash: 6bdf2c9ed36df94537954230a301f87b6ff7a7b51fe93760eab81586930bb842
target: esp32
version: 2.0.0
