dependencies:
  espressif/mpu6050:
    component_hash: d69219ccb141372b863c511749ffbeab28417ac71c205d7ed7030c308e1b6832
    source:
      service_url: https://api.components.espressif.com/
      type: service
    version: 1.2.0
  idf:
    component_hash: null
    source:
      type: idf
    version: 5.0.0
manifest_hash: c314cab4977e18d0d535c0b786c6e3e770c3b7ac80792b09814bd2f485dabcf4
target: esp32
version: 1.0.0
